// !$*UTF8*$!
{
	archiveVersion = 1;
	classes = {
	};
	objectVersion = 50;
	objects = {

/* Begin PBXBuildFile section */
		6404F58D23506F0100A355CA /* WeatherModel.swift in Sources */ = {isa = PBXBuildFile; fileRef = 6404F58C23506F0100A355CA /* WeatherModel.swift */; };
		6404F58F23507EF200A355CA /* DateExtension.swift in Sources */ = {isa = PBXBuildFile; fileRef = 6404F58E23507EF200A355CA /* DateExtension.swift */; };
		6404F5932351E1B800A355CA /* FileSaver.swift in Sources */ = {isa = PBXBuildFile; fileRef = 6404F5922351E1B800A355CA /* FileSaver.swift */; };
		64315E34234C7EEB0049A6E9 /* Constants.swift in Sources */ = {isa = PBXBuildFile; fileRef = 64315E33234C7EEB0049A6E9 /* Constants.swift */; };
		64315E36234DB1860049A6E9 /* Weather.swift in Sources */ = {isa = PBXBuildFile; fileRef = 64315E35234DB1860049A6E9 /* Weather.swift */; };
		64315E3C234DB9950049A6E9 /* Keys.swift in Sources */ = {isa = PBXBuildFile; fileRef = 64315E3B234DB9950049A6E9 /* Keys.swift */; };
		648D3A9F2351EAFE00AFB217 /* WeatherData.swift in Sources */ = {isa = PBXBuildFile; fileRef = 648D3A9E2351EAFE00AFB217 /* WeatherData.swift */; };
		648D3AA12351EFF300AFB217 /* SceneDelegate.swift in Sources */ = {isa = PBXBuildFile; fileRef = 648D3AA02351EFF300AFB217 /* SceneDelegate.swift */; };
		648D3AA32353406D00AFB217 /* DataReceived.swift in Sources */ = {isa = PBXBuildFile; fileRef = 648D3AA22353406D00AFB217 /* DataReceived.swift */; };
		648D3AA52353439F00AFB217 /* WeatherHelper.swift in Sources */ = {isa = PBXBuildFile; fileRef = 648D3AA42353439F00AFB217 /* WeatherHelper.swift */; };
		648D3AA72354597D00AFB217 /* WeatherCell.swift in Sources */ = {isa = PBXBuildFile; fileRef = 648D3AA62354597D00AFB217 /* WeatherCell.swift */; };
		64CBF287234C6B650064D5E1 /* AppDelegate.swift in Sources */ = {isa = PBXBuildFile; fileRef = 64CBF286234C6B650064D5E1 /* AppDelegate.swift */; };
		64CBF28E234C6B650064D5E1 /* Main.storyboard in Resources */ = {isa = PBXBuildFile; fileRef = 64CBF28C234C6B650064D5E1 /* Main.storyboard */; };
		64CBF290234C6B660064D5E1 /* Assets.xcassets in Resources */ = {isa = PBXBuildFile; fileRef = 64CBF28F234C6B660064D5E1 /* Assets.xcassets */; };
		64CBF293234C6B660064D5E1 /* LaunchScreen.storyboard in Resources */ = {isa = PBXBuildFile; fileRef = 64CBF291234C6B660064D5E1 /* LaunchScreen.storyboard */; };
		64CBF29C234C6F440064D5E1 /* NowController.swift in Sources */ = {isa = PBXBuildFile; fileRef = 64CBF29B234C6F440064D5E1 /* NowController.swift */; };
		64CBF29E234C6F830064D5E1 /* FiveDaysController.swift in Sources */ = {isa = PBXBuildFile; fileRef = 64CBF29D234C6F830064D5E1 /* FiveDaysController.swift */; };
		64CBF2A0234C6F950064D5E1 /* CitiesController.swift in Sources */ = {isa = PBXBuildFile; fileRef = 64CBF29F234C6F950064D5E1 /* CitiesController.swift */; };
		64CBF2A2234C7B5B0064D5E1 /* AddCityController.swift in Sources */ = {isa = PBXBuildFile; fileRef = 64CBF2A1234C7B5B0064D5E1 /* AddCityController.swift */; };
/* End PBXBuildFile section */

/* Begin PBXFileReference section */
		6404F58C23506F0100A355CA /* WeatherModel.swift */ = {isa = PBXFileReference; lastKnownFileType = sourcecode.swift; path = WeatherModel.swift; sourceTree = "<group>"; };
		6404F58E23507EF200A355CA /* DateExtension.swift */ = {isa = PBXFileReference; lastKnownFileType = sourcecode.swift; path = DateExtension.swift; sourceTree = "<group>"; };
		6404F5922351E1B800A355CA /* FileSaver.swift */ = {isa = PBXFileReference; lastKnownFileType = sourcecode.swift; path = FileSaver.swift; sourceTree = "<group>"; };
		64315E33234C7EEB0049A6E9 /* Constants.swift */ = {isa = PBXFileReference; lastKnownFileType = sourcecode.swift; path = Constants.swift; sourceTree = "<group>"; };
		64315E35234DB1860049A6E9 /* Weather.swift */ = {isa = PBXFileReference; lastKnownFileType = sourcecode.swift; path = Weather.swift; sourceTree = "<group>"; };
		64315E3B234DB9950049A6E9 /* Keys.swift */ = {isa = PBXFileReference; lastKnownFileType = sourcecode.swift; path = Keys.swift; sourceTree = "<group>"; };
		648D3A9E2351EAFE00AFB217 /* WeatherData.swift */ = {isa = PBXFileReference; lastKnownFileType = sourcecode.swift; path = WeatherData.swift; sourceTree = "<group>"; };
		648D3AA02351EFF300AFB217 /* SceneDelegate.swift */ = {isa = PBXFileReference; lastKnownFileType = sourcecode.swift; path = SceneDelegate.swift; sourceTree = "<group>"; };
		648D3AA22353406D00AFB217 /* DataReceived.swift */ = {isa = PBXFileReference; lastKnownFileType = sourcecode.swift; path = DataReceived.swift; sourceTree = "<group>"; };
		648D3AA42353439F00AFB217 /* WeatherHelper.swift */ = {isa = PBXFileReference; lastKnownFileType = sourcecode.swift; path = WeatherHelper.swift; sourceTree = "<group>"; };
		648D3AA62354597D00AFB217 /* WeatherCell.swift */ = {isa = PBXFileReference; lastKnownFileType = sourcecode.swift; path = WeatherCell.swift; sourceTree = "<group>"; };
		64CBF283234C6B650064D5E1 /* weather_app.app */ = {isa = PBXFileReference; explicitFileType = wrapper.application; includeInIndex = 0; path = weather_app.app; sourceTree = BUILT_PRODUCTS_DIR; };
		64CBF286234C6B650064D5E1 /* AppDelegate.swift */ = {isa = PBXFileReference; lastKnownFileType = sourcecode.swift; path = AppDelegate.swift; sourceTree = "<group>"; };
		64CBF28D234C6B650064D5E1 /* Base */ = {isa = PBXFileReference; lastKnownFileType = file.storyboard; name = Base; path = Base.lproj/Main.storyboard; sourceTree = "<group>"; };
		64CBF28F234C6B660064D5E1 /* Assets.xcassets */ = {isa = PBXFileReference; lastKnownFileType = folder.assetcatalog; path = Assets.xcassets; sourceTree = "<group>"; };
		64CBF292234C6B660064D5E1 /* Base */ = {isa = PBXFileReference; lastKnownFileType = file.storyboard; name = Base; path = Base.lproj/LaunchScreen.storyboard; sourceTree = "<group>"; };
		64CBF294234C6B660064D5E1 /* Info.plist */ = {isa = PBXFileReference; lastKnownFileType = text.plist.xml; path = Info.plist; sourceTree = "<group>"; };
		64CBF29B234C6F440064D5E1 /* NowController.swift */ = {isa = PBXFileReference; lastKnownFileType = sourcecode.swift; path = NowController.swift; sourceTree = "<group>"; };
		64CBF29D234C6F830064D5E1 /* FiveDaysController.swift */ = {isa = PBXFileReference; lastKnownFileType = sourcecode.swift; path = FiveDaysController.swift; sourceTree = "<group>"; };
		64CBF29F234C6F950064D5E1 /* CitiesController.swift */ = {isa = PBXFileReference; lastKnownFileType = sourcecode.swift; path = CitiesController.swift; sourceTree = "<group>"; };
		64CBF2A1234C7B5B0064D5E1 /* AddCityController.swift */ = {isa = PBXFileReference; lastKnownFileType = sourcecode.swift; path = AddCityController.swift; sourceTree = "<group>"; };
/* End PBXFileReference section */

/* Begin PBXFrameworksBuildPhase section */
		64CBF280234C6B650064D5E1 /* Frameworks */ = {
			isa = PBXFrameworksBuildPhase;
			buildActionMask = 2147483647;
			files = (
			);
			runOnlyForDeploymentPostprocessing = 0;
		};
/* End PBXFrameworksBuildPhase section */

/* Begin PBXGroup section */
		64CBF27A234C6B650064D5E1 = {
			isa = PBXGroup;
			children = (
				64CBF285234C6B650064D5E1 /* weather_app */,
				64CBF284234C6B650064D5E1 /* Products */,
			);
			sourceTree = "<group>";
		};
		64CBF284234C6B650064D5E1 /* Products */ = {
			isa = PBXGroup;
			children = (
				64CBF283234C6B650064D5E1 /* weather_app.app */,
			);
			name = Products;
			sourceTree = "<group>";
		};
		64CBF285234C6B650064D5E1 /* weather_app */ = {
			isa = PBXGroup;
			children = (
				64CBF286234C6B650064D5E1 /* AppDelegate.swift */,
				648D3AA22353406D00AFB217 /* DataReceived.swift */,
				64315E35234DB1860049A6E9 /* Weather.swift */,
				6404F58C23506F0100A355CA /* WeatherModel.swift */,
				648D3A9E2351EAFE00AFB217 /* WeatherData.swift */,
				6404F58E23507EF200A355CA /* DateExtension.swift */,
				6404F5922351E1B800A355CA /* FileSaver.swift */,
				648D3AA02351EFF300AFB217 /* SceneDelegate.swift */,
				648D3AA42353439F00AFB217 /* WeatherHelper.swift */,
				64315E3B234DB9950049A6E9 /* Keys.swift */,
				64CBF29A234C6F080064D5E1 /* ViewControllers */,
				64CBF28C234C6B650064D5E1 /* Main.storyboard */,
				64CBF28F234C6B660064D5E1 /* Assets.xcassets */,
				64CBF291234C6B660064D5E1 /* LaunchScreen.storyboard */,
				64CBF294234C6B660064D5E1 /* Info.plist */,
				64315E33234C7EEB0049A6E9 /* Constants.swift */,
			);
			path = weather_app;
			sourceTree = "<group>";
		};
		64CBF29A234C6F080064D5E1 /* ViewControllers */ = {
			isa = PBXGroup;
			children = (
				64CBF29B234C6F440064D5E1 /* NowController.swift */,
				64CBF29F234C6F950064D5E1 /* CitiesController.swift */,
				64CBF29D234C6F830064D5E1 /* FiveDaysController.swift */,
				64CBF2A1234C7B5B0064D5E1 /* AddCityController.swift */,
				648D3AA62354597D00AFB217 /* WeatherCell.swift */,
			);
			path = ViewControllers;
			sourceTree = "<group>";
		};
/* End PBXGroup section */

/* Begin PBXNativeTarget section */
		64CBF282234C6B650064D5E1 /* weather_app */ = {
			isa = PBXNativeTarget;
			buildConfigurationList = 64CBF297234C6B660064D5E1 /* Build configuration list for PBXNativeTarget "weather_app" */;
			buildPhases = (
				64CBF27F234C6B650064D5E1 /* Sources */,
				64CBF280234C6B650064D5E1 /* Frameworks */,
				64CBF281234C6B650064D5E1 /* Resources */,
			);
			buildRules = (
			);
			dependencies = (
			);
			name = weather_app;
			productName = weather_app;
			productReference = 64CBF283234C6B650064D5E1 /* weather_app.app */;
			productType = "com.apple.product-type.application";
		};
/* End PBXNativeTarget section */

/* Begin PBXProject section */
		64CBF27B234C6B650064D5E1 /* Project object */ = {
			isa = PBXProject;
			attributes = {
				LastSwiftUpdateCheck = 1100;
				LastUpgradeCheck = 1100;
				ORGANIZATIONNAME = "Tuukka Juusela";
				TargetAttributes = {
					64CBF282234C6B650064D5E1 = {
						CreatedOnToolsVersion = 11.0;
					};
				};
			};
			buildConfigurationList = 64CBF27E234C6B650064D5E1 /* Build configuration list for PBXProject "weather_app" */;
			compatibilityVersion = "Xcode 9.3";
			developmentRegion = en;
			hasScannedForEncodings = 0;
			knownRegions = (
				en,
				Base,
			);
			mainGroup = 64CBF27A234C6B650064D5E1;
			productRefGroup = 64CBF284234C6B650064D5E1 /* Products */;
			projectDirPath = "";
			projectRoot = "";
			targets = (
				64CBF282234C6B650064D5E1 /* weather_app */,
			);
		};
/* End PBXProject section */

/* Begin PBXResourcesBuildPhase section */
		64CBF281234C6B650064D5E1 /* Resources */ = {
			isa = PBXResourcesBuildPhase;
			buildActionMask = 2147483647;
			files = (
				64CBF293234C6B660064D5E1 /* LaunchScreen.storyboard in Resources */,
				64CBF290234C6B660064D5E1 /* Assets.xcassets in Resources */,
				64CBF28E234C6B650064D5E1 /* Main.storyboard in Resources */,
			);
			runOnlyForDeploymentPostprocessing = 0;
		};
/* End PBXResourcesBuildPhase section */

/* Begin PBXSourcesBuildPhase section */
		64CBF27F234C6B650064D5E1 /* Sources */ = {
			isa = PBXSourcesBuildPhase;
			buildActionMask = 2147483647;
			files = (
				64CBF2A2234C7B5B0064D5E1 /* AddCityController.swift in Sources */,
				648D3AA12351EFF300AFB217 /* SceneDelegate.swift in Sources */,
				6404F58F23507EF200A355CA /* DateExtension.swift in Sources */,
				648D3A9F2351EAFE00AFB217 /* WeatherData.swift in Sources */,
				64CBF2A0234C6F950064D5E1 /* CitiesController.swift in Sources */,
				64CBF287234C6B650064D5E1 /* AppDelegate.swift in Sources */,
				648D3AA32353406D00AFB217 /* DataReceived.swift in Sources */,
				64CBF29C234C6F440064D5E1 /* NowController.swift in Sources */,
				6404F58D23506F0100A355CA /* WeatherModel.swift in Sources */,
				64315E36234DB1860049A6E9 /* Weather.swift in Sources */,
				648D3AA52353439F00AFB217 /* WeatherHelper.swift in Sources */,
				64CBF29E234C6F830064D5E1 /* FiveDaysController.swift in Sources */,
				648D3AA72354597D00AFB217 /* WeatherCell.swift in Sources */,
				64315E34234C7EEB0049A6E9 /* Constants.swift in Sources */,
				64315E3C234DB9950049A6E9 /* Keys.swift in Sources */,
				6404F5932351E1B800A355CA /* FileSaver.swift in Sources */,
			);
			runOnlyForDeploymentPostprocessing = 0;
		};
/* End PBXSourcesBuildPhase section */

/* Begin PBXVariantGroup section */
		64CBF28C234C6B650064D5E1 /* Main.storyboard */ = {
			isa = PBXVariantGroup;
			children = (
				64CBF28D234C6B650064D5E1 /* Base */,
			);
			name = Main.storyboard;
			sourceTree = "<group>";
		};
		64CBF291234C6B660064D5E1 /* LaunchScreen.storyboard */ = {
			isa = PBXVariantGroup;
			children = (
				64CBF292234C6B660064D5E1 /* Base */,
			);
			name = LaunchScreen.storyboard;
			sourceTree = "<group>";
		};
/* End PBXVariantGroup section */

/* Begin XCBuildConfiguration section */
		64CBF295234C6B660064D5E1 /* Debug */ = {
			isa = XCBuildConfiguration;
			buildSettings = {
				ALWAYS_SEARCH_USER_PATHS = NO;
				CLANG_ANALYZER_NONNULL = YES;
				CLANG_ANALYZER_NUMBER_OBJECT_CONVERSION = YES_AGGRESSIVE;
				CLANG_CXX_LANGUAGE_STANDARD = "gnu++14";
				CLANG_CXX_LIBRARY = "libc++";
				CLANG_ENABLE_MODULES = YES;
				CLANG_ENABLE_OBJC_ARC = YES;
				CLANG_ENABLE_OBJC_WEAK = YES;
				CLANG_WARN_BLOCK_CAPTURE_AUTORELEASING = YES;
				CLANG_WARN_BOOL_CONVERSION = YES;
				CLANG_WARN_COMMA = YES;
				CLANG_WARN_CONSTANT_CONVERSION = YES;
				CLANG_WARN_DEPRECATED_OBJC_IMPLEMENTATIONS = YES;
				CLANG_WARN_DIRECT_OBJC_ISA_USAGE = YES_ERROR;
				CLANG_WARN_DOCUMENTATION_COMMENTS = YES;
				CLANG_WARN_EMPTY_BODY = YES;
				CLANG_WARN_ENUM_CONVERSION = YES;
				CLANG_WARN_INFINITE_RECURSION = YES;
				CLANG_WARN_INT_CONVERSION = YES;
				CLANG_WARN_NON_LITERAL_NULL_CONVERSION = YES;
				CLANG_WARN_OBJC_IMPLICIT_RETAIN_SELF = YES;
				CLANG_WARN_OBJC_LITERAL_CONVERSION = YES;
				CLANG_WARN_OBJC_ROOT_CLASS = YES_ERROR;
				CLANG_WARN_RANGE_LOOP_ANALYSIS = YES;
				CLANG_WARN_STRICT_PROTOTYPES = YES;
				CLANG_WARN_SUSPICIOUS_MOVE = YES;
				CLANG_WARN_UNGUARDED_AVAILABILITY = YES_AGGRESSIVE;
				CLANG_WARN_UNREACHABLE_CODE = YES;
				CLANG_WARN__DUPLICATE_METHOD_MATCH = YES;
				COPY_PHASE_STRIP = NO;
				DEBUG_INFORMATION_FORMAT = dwarf;
				ENABLE_STRICT_OBJC_MSGSEND = YES;
				ENABLE_TESTABILITY = YES;
				GCC_C_LANGUAGE_STANDARD = gnu11;
				GCC_DYNAMIC_NO_PIC = NO;
				GCC_NO_COMMON_BLOCKS = YES;
				GCC_OPTIMIZATION_LEVEL = 0;
				GCC_PREPROCESSOR_DEFINITIONS = (
					"DEBUG=1",
					"$(inherited)",
				);
				GCC_WARN_64_TO_32_BIT_CONVERSION = YES;
				GCC_WARN_ABOUT_RETURN_TYPE = YES_ERROR;
				GCC_WARN_UNDECLARED_SELECTOR = YES;
				GCC_WARN_UNINITIALIZED_AUTOS = YES_AGGRESSIVE;
				GCC_WARN_UNUSED_FUNCTION = YES;
				GCC_WARN_UNUSED_VARIABLE = YES;
				IPHONEOS_DEPLOYMENT_TARGET = 13.0;
				MTL_ENABLE_DEBUG_INFO = INCLUDE_SOURCE;
				MTL_FAST_MATH = YES;
				ONLY_ACTIVE_ARCH = YES;
				SDKROOT = iphoneos;
				SWIFT_ACTIVE_COMPILATION_CONDITIONS = DEBUG;
				SWIFT_OPTIMIZATION_LEVEL = "-Onone";
			};
			name = Debug;
		};
		64CBF296234C6B660064D5E1 /* Release */ = {
			isa = XCBuildConfiguration;
			buildSettings = {
				ALWAYS_SEARCH_USER_PATHS = NO;
				CLANG_ANALYZER_NONNULL = YES;
				CLANG_ANALYZER_NUMBER_OBJECT_CONVERSION = YES_AGGRESSIVE;
				CLANG_CXX_LANGUAGE_STANDARD = "gnu++14";
				CLANG_CXX_LIBRARY = "libc++";
				CLANG_ENABLE_MODULES = YES;
				CLANG_ENABLE_OBJC_ARC = YES;
				CLANG_ENABLE_OBJC_WEAK = YES;
				CLANG_WARN_BLOCK_CAPTURE_AUTORELEASING = YES;
				CLANG_WARN_BOOL_CONVERSION = YES;
				CLANG_WARN_COMMA = YES;
				CLANG_WARN_CONSTANT_CONVERSION = YES;
				CLANG_WARN_DEPRECATED_OBJC_IMPLEMENTATIONS = YES;
				CLANG_WARN_DIRECT_OBJC_ISA_USAGE = YES_ERROR;
				CLANG_WARN_DOCUMENTATION_COMMENTS = YES;
				CLANG_WARN_EMPTY_BODY = YES;
				CLANG_WARN_ENUM_CONVERSION = YES;
				CLANG_WARN_INFINITE_RECURSION = YES;
				CLANG_WARN_INT_CONVERSION = YES;
				CLANG_WARN_NON_LITERAL_NULL_CONVERSION = YES;
				CLANG_WARN_OBJC_IMPLICIT_RETAIN_SELF = YES;
				CLANG_WARN_OBJC_LITERAL_CONVERSION = YES;
				CLANG_WARN_OBJC_ROOT_CLASS = YES_ERROR;
				CLANG_WARN_RANGE_LOOP_ANALYSIS = YES;
				CLANG_WARN_STRICT_PROTOTYPES = YES;
				CLANG_WARN_SUSPICIOUS_MOVE = YES;
				CLANG_WARN_UNGUARDED_AVAILABILITY = YES_AGGRESSIVE;
				CLANG_WARN_UNREACHABLE_CODE = YES;
				CLANG_WARN__DUPLICATE_METHOD_MATCH = YES;
				COPY_PHASE_STRIP = NO;
				DEBUG_INFORMATION_FORMAT = "dwarf-with-dsym";
				ENABLE_NS_ASSERTIONS = NO;
				ENABLE_STRICT_OBJC_MSGSEND = YES;
				GCC_C_LANGUAGE_STANDARD = gnu11;
				GCC_NO_COMMON_BLOCKS = YES;
				GCC_WARN_64_TO_32_BIT_CONVERSION = YES;
				GCC_WARN_ABOUT_RETURN_TYPE = YES_ERROR;
				GCC_WARN_UNDECLARED_SELECTOR = YES;
				GCC_WARN_UNINITIALIZED_AUTOS = YES_AGGRESSIVE;
				GCC_WARN_UNUSED_FUNCTION = YES;
				GCC_WARN_UNUSED_VARIABLE = YES;
				IPHONEOS_DEPLOYMENT_TARGET = 13.0;
				MTL_ENABLE_DEBUG_INFO = NO;
				MTL_FAST_MATH = YES;
				SDKROOT = iphoneos;
				SWIFT_COMPILATION_MODE = wholemodule;
				SWIFT_OPTIMIZATION_LEVEL = "-O";
				VALIDATE_PRODUCT = YES;
			};
			name = Release;
		};
		64CBF298234C6B660064D5E1 /* Debug */ = {
			isa = XCBuildConfiguration;
			buildSettings = {
				ASSETCATALOG_COMPILER_APPICON_NAME = AppIcon;
				CODE_SIGN_STYLE = Automatic;
				INFOPLIST_FILE = weather_app/Info.plist;
				LD_RUNPATH_SEARCH_PATHS = (
					"$(inherited)",
					"@executable_path/Frameworks",
				);
				PRODUCT_BUNDLE_IDENTIFIER = "tuni.tuukka.weather-app";
				PRODUCT_NAME = "$(TARGET_NAME)";
				SWIFT_VERSION = 5.0;
				TARGETED_DEVICE_FAMILY = "1,2";
			};
			name = Debug;
		};
		64CBF299234C6B660064D5E1 /* Release */ = {
			isa = XCBuildConfiguration;
			buildSettings = {
				ASSETCATALOG_COMPILER_APPICON_NAME = AppIcon;
				CODE_SIGN_STYLE = Automatic;
				INFOPLIST_FILE = weather_app/Info.plist;
				LD_RUNPATH_SEARCH_PATHS = (
					"$(inherited)",
					"@executable_path/Frameworks",
				);
				PRODUCT_BUNDLE_IDENTIFIER = "tuni.tuukka.weather-app";
				PRODUCT_NAME = "$(TARGET_NAME)";
				SWIFT_VERSION = 5.0;
				TARGETED_DEVICE_FAMILY = "1,2";
			};
			name = Release;
		};
/* End XCBuildConfiguration section */

/* Begin XCConfigurationList section */
		64CBF27E234C6B650064D5E1 /* Build configuration list for PBXProject "weather_app" */ = {
			isa = XCConfigurationList;
			buildConfigurations = (
				64CBF295234C6B660064D5E1 /* Debug */,
				64CBF296234C6B660064D5E1 /* Release */,
			);
			defaultConfigurationIsVisible = 0;
			defaultConfigurationName = Release;
		};
		64CBF297234C6B660064D5E1 /* Build configuration list for PBXNativeTarget "weather_app" */ = {
			isa = XCConfigurationList;
			buildConfigurations = (
				64CBF298234C6B660064D5E1 /* Debug */,
				64CBF299234C6B660064D5E1 /* Release */,
			);
			defaultConfigurationIsVisible = 0;
			defaultConfigurationName = Release;
		};
/* End XCConfigurationList section */
	};
	rootObject = 64CBF27B234C6B650064D5E1 /* Project object */;
}
